
Microsoft Visual Studio Solution File, Format Version 12.00
# Visual Studio Version 16
VisualStudioVersion = 16.0.31624.102
MinimumVisualStudioVersion = 10.0.40219.1
Project("{9A19103F-16F7-4668-BE54-9A1E7A4F7556}") = "TestProjectAirline", "TestProjectAirline\TestProjectAirline.csproj", "{78D8DE03-167B-4F35-AD2E-B7B12039B286}"
EndProject
Project("{9A19103F-16F7-4668-BE54-9A1E7A4F7556}") = "DataAccess", "DataAccess\DataAccess.csproj", "{9AEEFEB3-BD80-4480-838F-29BC9241DCB9}"
EndProject
Project("{9A19103F-16F7-4668-BE54-9A1E7A4F7556}") = "Bussiness", "Bussiness\Bussiness.csproj", "{6A7CB5E1-7671-44E2-A2B6-8688600AE185}"
EndProject
Project("{9A19103F-16F7-4668-BE54-9A1E7A4F7556}") = "TestProjectAirline.Tests", "TestProjectAirline.Tests\TestProjectAirline.Tests.csproj", "{E6746B36-6E2B-4B67-A1DF-AA2D447ABBEC}"
EndProject
Project("{FAE04EC0-301F-11D3-BF4B-00C04F79EFBC}") = "TestServices.Services", "TestServices\TestServices.Services.csproj", "{DA5559BE-14D7-4879-ABDE-611032FA92BC}"
EndProject
Global
	GlobalSection(SolutionConfigurationPlatforms) = preSolution
		Debug|Any CPU = Debug|Any CPU
		Release|Any CPU = Release|Any CPU
	EndGlobalSection
	GlobalSection(ProjectConfigurationPlatforms) = postSolution
		{78D8DE03-167B-4F35-AD2E-B7B12039B286}.Debug|Any CPU.ActiveCfg = Debug|Any CPU
		{78D8DE03-167B-4F35-AD2E-B7B12039B286}.Debug|Any CPU.Build.0 = Debug|Any CPU
		{78D8DE03-167B-4F35-AD2E-B7B12039B286}.Release|Any CPU.ActiveCfg = Release|Any CPU
		{78D8DE03-167B-4F35-AD2E-B7B12039B286}.Release|Any CPU.Build.0 = Release|Any CPU
		{9AEEFEB3-BD80-4480-838F-29BC9241DCB9}.Debug|Any CPU.ActiveCfg = Debug|Any CPU
		{9AEEFEB3-BD80-4480-838F-29BC9241DCB9}.Debug|Any CPU.Build.0 = Debug|Any CPU
		{9AEEFEB3-BD80-4480-838F-29BC9241DCB9}.Release|Any CPU.ActiveCfg = Release|Any CPU
		{9AEEFEB3-BD80-4480-838F-29BC9241DCB9}.Release|Any CPU.Build.0 = Release|Any CPU
		{6A7CB5E1-7671-44E2-A2B6-8688600AE185}.Debug|Any CPU.ActiveCfg = Debug|Any CPU
		{6A7CB5E1-7671-44E2-A2B6-8688600AE185}.Debug|Any CPU.Build.0 = Debug|Any CPU
		{6A7CB5E1-7671-44E2-A2B6-8688600AE185}.Release|Any CPU.ActiveCfg = Release|Any CPU
		{6A7CB5E1-7671-44E2-A2B6-8688600AE185}.Release|Any CPU.Build.0 = Release|Any CPU
		{E6746B36-6E2B-4B67-A1DF-AA2D447ABBEC}.Debug|Any CPU.ActiveCfg = Debug|Any CPU
		{E6746B36-6E2B-4B67-A1DF-AA2D447ABBEC}.Debug|Any CPU.Build.0 = Debug|Any CPU
		{E6746B36-6E2B-4B67-A1DF-AA2D447ABBEC}.Release|Any CPU.ActiveCfg = Release|Any CPU
		{E6746B36-6E2B-4B67-A1DF-AA2D447ABBEC}.Release|Any CPU.Build.0 = Release|Any CPU
		{DA5559BE-14D7-4879-ABDE-611032FA92BC}.Debug|Any CPU.ActiveCfg = Debug|Any CPU
		{DA5559BE-14D7-4879-ABDE-611032FA92BC}.Debug|Any CPU.Build.0 = Debug|Any CPU
		{DA5559BE-14D7-4879-ABDE-611032FA92BC}.Release|Any CPU.ActiveCfg = Release|Any CPU
		{DA5559BE-14D7-4879-ABDE-611032FA92BC}.Release|Any CPU.Build.0 = Release|Any CPU
	EndGlobalSection
	GlobalSection(SolutionProperties) = preSolution
		HideSolutionNode = FALSE
	EndGlobalSection
	GlobalSection(ExtensibilityGlobals) = postSolution
		SolutionGuid = {A0EC80CC-09D8-4083-9FC7-B88FD099BF2E}
	EndGlobalSection
EndGlobal
